PODS:
  - FlutterMacOS (1.0.0)
  - HotKey (0.2.0)
  - hotkey_manager_macos (0.0.1):
    - FlutterMacOS
    - HotKey
  - screen_capturer_macos (0.0.1):
    - FlutterMacOS
  - shared_preferences_foundation (0.0.1):
    - Flutter
    - FlutterMacOS

DEPENDENCIES:
  - FlutterMacOS (from `Flutter/ephemeral`)
  - hotkey_manager_macos (from `Flutter/ephemeral/.symlinks/plugins/hotkey_manager_macos/macos`)
  - screen_capturer_macos (from `Flutter/ephemeral/.symlinks/plugins/screen_capturer_macos/macos`)
  - shared_preferences_foundation (from `Flutter/ephemeral/.symlinks/plugins/shared_preferences_foundation/darwin`)

SPEC REPOS:
  trunk:
    - HotKey

EXTERNAL SOURCES:
  FlutterMacOS:
    :path: Flutter/ephemeral
  hotkey_manager_macos:
    :path: Flutter/ephemeral/.symlinks/plugins/hotkey_manager_macos/macos
  screen_capturer_macos:
    :path: Flutter/ephemeral/.symlinks/plugins/screen_capturer_macos/macos
  shared_preferences_foundation:
    :path: Flutter/ephemeral/.symlinks/plugins/shared_preferences_foundation/darwin

SPEC CHECKSUMS:
  FlutterMacOS: 8f6f14fa908a6fb3fba0cd85dbd81ec4b251fb24
  HotKey: e96d8a2ddbf4591131e2bb3f54e69554d90cdca6
  hotkey_manager_macos: 1e2edb0c7ae4fe67108af44a9d3445de41404160
  screen_capturer_macos: e91a66e1eeefd5e4fe068bb1bffc053cc34b63b8
  shared_preferences_foundation: fcdcbc04712aee1108ac7fda236f363274528f78

PODFILE CHECKSUM: 236401fc2c932af29a9fcf0e97baeeb2d750d367

COCOAPODS: 1.15.2
